
Microsoft Visual Studio Solution File, Format Version 12.00
# Visual Studio Version 16
VisualStudioVersion = 16.0.30621.155
MinimumVisualStudioVersion = 10.0.40219.1
Project("{FAE04EC0-301F-11D3-BF4B-00C04F79EFBC}") = "TicTacToe", "TicTacToe.csproj", "{9627556D-548A-45E6-8DA0-904554FBE4FB}"
EndProject
Global
	GlobalSection(SolutionConfigurationPlatforms) = preSolution
		Debug|Any CPU = Debug|Any CPU
		Release|Any CPU = Release|Any CPU
	EndGlobalSection
	GlobalSection(ProjectConfigurationPlatforms) = postSolution
		{9627556D-548A-45E6-8DA0-904554FBE4FB}.Debug|Any CPU.ActiveCfg = Debug|Any CPU
		{9627556D-548A-45E6-8DA0-904554FBE4FB}.Debug|Any CPU.Build.0 = Debug|Any CPU
		{9627556D-548A-45E6-8DA0-904554FBE4FB}.Release|Any CPU.ActiveCfg = Release|Any CPU
		{9627556D-548A-45E6-8DA0-904554FBE4FB}.Release|Any CPU.Build.0 = Release|Any CPU
	EndGlobalSection
	GlobalSection(SolutionProperties) = preSolution
		HideSolutionNode = FALSE
	EndGlobalSection
	GlobalSection(ExtensibilityGlobals) = postSolution
		SolutionGuid = {21E18835-7A8F-4155-AEE1-7F36E46D17F3}
	EndGlobalSection
EndGlobal
